// !$*UTF8*$!
{
	archiveVersion = 1;
	classes = {
	};
	objectVersion = 56;
	objects = {

/* Begin PBXBuildFile section */
		DC9548B729D3C91C005DF174 /* AppDelegate.swift in Sources */ = {isa = PBXBuildFile; fileRef = DC9548B629D3C91C005DF174 /* AppDelegate.swift */; };
		DC9548B929D3C91C005DF174 /* ViewController.swift in Sources */ = {isa = PBXBuildFile; fileRef = DC9548B829D3C91C005DF174 /* ViewController.swift */; };
		DC9548BB29D3C91E005DF174 /* Assets.xcassets in Resources */ = {isa = PBXBuildFile; fileRef = DC9548BA29D3C91E005DF174 /* Assets.xcassets */; };
		DC9548BE29D3C91E005DF174 /* Main.storyboard in Resources */ = {isa = PBXBuildFile; fileRef = DC9548BC29D3C91E005DF174 /* Main.storyboard */; };
		DC9548E129D3D336005DF174 /* run.swift in Sources */ = {isa = PBXBuildFile; fileRef = DC9548E029D3D336005DF174 /* run.swift */; };
		DC9548E329D3D73C005DF174 /* HardwareCollector.swift in Sources */ = {isa = PBXBuildFile; fileRef = DC9548E229D3D73C005DF174 /* HardwareCollector.swift */; };
		DCAABF7B29D3FAB400F43F30 /* Info.plist in Resources */ = {isa = PBXBuildFile; fileRef = DCAABF7A29D3FAB400F43F30 /* Info.plist */; };
		DCE50E7629D4B8EC0036CF16 /* ViewControllerMemory.swift in Sources */ = {isa = PBXBuildFile; fileRef = DCE50E7529D4B8EC0036CF16 /* ViewControllerMemory.swift */; };
/* End PBXBuildFile section */

/* Begin PBXFileReference section */
		DC9548B329D3C91C005DF174 /* About This Hack 2.app */ = {isa = PBXFileReference; explicitFileType = wrapper.application; includeInIndex = 0; path = "About This Hack 2.app"; sourceTree = BUILT_PRODUCTS_DIR; };
		DC9548B629D3C91C005DF174 /* AppDelegate.swift */ = {isa = PBXFileReference; lastKnownFileType = sourcecode.swift; path = AppDelegate.swift; sourceTree = "<group>"; };
		DC9548B829D3C91C005DF174 /* ViewController.swift */ = {isa = PBXFileReference; lastKnownFileType = sourcecode.swift; path = ViewController.swift; sourceTree = "<group>"; };
		DC9548BA29D3C91E005DF174 /* Assets.xcassets */ = {isa = PBXFileReference; lastKnownFileType = folder.assetcatalog; path = Assets.xcassets; sourceTree = "<group>"; };
		DC9548BD29D3C91E005DF174 /* Base */ = {isa = PBXFileReference; lastKnownFileType = file.storyboard; name = Base; path = Base.lproj/Main.storyboard; sourceTree = "<group>"; };
		DC9548BF29D3C91E005DF174 /* About_This_Hack_2.entitlements */ = {isa = PBXFileReference; lastKnownFileType = text.plist.entitlements; path = About_This_Hack_2.entitlements; sourceTree = "<group>"; };
		DC9548E029D3D336005DF174 /* run.swift */ = {isa = PBXFileReference; lastKnownFileType = sourcecode.swift; path = run.swift; sourceTree = "<group>"; };
		DC9548E229D3D73C005DF174 /* HardwareCollector.swift */ = {isa = PBXFileReference; lastKnownFileType = sourcecode.swift; path = HardwareCollector.swift; sourceTree = "<group>"; };
		DCAABF7A29D3FAB400F43F30 /* Info.plist */ = {isa = PBXFileReference; fileEncoding = 4; lastKnownFileType = text.plist.xml; path = Info.plist; sourceTree = "<group>"; };
		DCE50E7529D4B8EC0036CF16 /* ViewControllerMemory.swift */ = {isa = PBXFileReference; lastKnownFileType = sourcecode.swift; path = ViewControllerMemory.swift; sourceTree = "<group>"; };
/* End PBXFileReference section */

/* Begin PBXFrameworksBuildPhase section */
		DC9548B029D3C91C005DF174 /* Frameworks */ = {
			isa = PBXFrameworksBuildPhase;
			buildActionMask = 2147483647;
			files = (
			);
			runOnlyForDeploymentPostprocessing = 0;
		};
/* End PBXFrameworksBuildPhase section */

/* Begin PBXGroup section */
		DC9548AA29D3C91C005DF174 = {
			isa = PBXGroup;
			children = (
				DC9548B529D3C91C005DF174 /* About This Hack 2 */,
				DC9548B429D3C91C005DF174 /* Products */,
			);
			sourceTree = "<group>";
		};
		DC9548B429D3C91C005DF174 /* Products */ = {
			isa = PBXGroup;
			children = (
				DC9548B329D3C91C005DF174 /* About This Hack 2.app */,
			);
			name = Products;
			sourceTree = "<group>";
		};
		DC9548B529D3C91C005DF174 /* About This Hack 2 */ = {
			isa = PBXGroup;
			children = (
				DC9548B629D3C91C005DF174 /* AppDelegate.swift */,
				DC9548B829D3C91C005DF174 /* ViewController.swift */,
				DC9548BA29D3C91E005DF174 /* Assets.xcassets */,
				DC9548BC29D3C91E005DF174 /* Main.storyboard */,
				DC9548BF29D3C91E005DF174 /* About_This_Hack_2.entitlements */,
				DC9548E029D3D336005DF174 /* run.swift */,
				DC9548E229D3D73C005DF174 /* HardwareCollector.swift */,
				DCAABF7A29D3FAB400F43F30 /* Info.plist */,
				DCE50E7529D4B8EC0036CF16 /* ViewControllerMemory.swift */,
			);
			path = "About This Hack 2";
			sourceTree = "<group>";
		};
/* End PBXGroup section */

/* Begin PBXNativeTarget section */
		DC9548B229D3C91C005DF174 /* About This Hack 2 */ = {
			isa = PBXNativeTarget;
			buildConfigurationList = DC9548C229D3C91E005DF174 /* Build configuration list for PBXNativeTarget "About This Hack 2" */;
			buildPhases = (
				DC9548AF29D3C91C005DF174 /* Sources */,
				DC9548B029D3C91C005DF174 /* Frameworks */,
				DC9548B129D3C91C005DF174 /* Resources */,
			);
			buildRules = (
			);
			dependencies = (
			);
			name = "About This Hack 2";
			productName = "About This Hack 2";
			productReference = DC9548B329D3C91C005DF174 /* About This Hack 2.app */;
			productType = "com.apple.product-type.application";
		};
/* End PBXNativeTarget section */

/* Begin PBXProject section */
		DC9548AB29D3C91C005DF174 /* Project object */ = {
			isa = PBXProject;
			attributes = {
				BuildIndependentTargetsInParallel = 1;
				LastSwiftUpdateCheck = 1420;
				LastUpgradeCheck = 1420;
				TargetAttributes = {
					DC9548B229D3C91C005DF174 = {
						CreatedOnToolsVersion = 14.2;
					};
				};
			};
			buildConfigurationList = DC9548AE29D3C91C005DF174 /* Build configuration list for PBXProject "About This Hack 2" */;
			compatibilityVersion = "Xcode 14.0";
			developmentRegion = en;
			hasScannedForEncodings = 0;
			knownRegions = (
				en,
				Base,
			);
			mainGroup = DC9548AA29D3C91C005DF174;
			productRefGroup = DC9548B429D3C91C005DF174 /* Products */;
			projectDirPath = "";
			projectRoot = "";
			targets = (
				DC9548B229D3C91C005DF174 /* About This Hack 2 */,
			);
		};
/* End PBXProject section */

/* Begin PBXResourcesBuildPhase section */
		DC9548B129D3C91C005DF174 /* Resources */ = {
			isa = PBXResourcesBuildPhase;
			buildActionMask = 2147483647;
			files = (
				DC9548BB29D3C91E005DF174 /* Assets.xcassets in Resources */,
				DC9548BE29D3C91E005DF174 /* Main.storyboard in Resources */,
				DCAABF7B29D3FAB400F43F30 /* Info.plist in Resources */,
			);
			runOnlyForDeploymentPostprocessing = 0;
		};
/* End PBXResourcesBuildPhase section */

/* Begin PBXSourcesBuildPhase section */
		DC9548AF29D3C91C005DF174 /* Sources */ = {
			isa = PBXSourcesBuildPhase;
			buildActionMask = 2147483647;
			files = (
				DC9548E129D3D336005DF174 /* run.swift in Sources */,
				DC9548B929D3C91C005DF174 /* ViewController.swift in Sources */,
				DCE50E7629D4B8EC0036CF16 /* ViewControllerMemory.swift in Sources */,
				DC9548B729D3C91C005DF174 /* AppDelegate.swift in Sources */,
				DC9548E329D3D73C005DF174 /* HardwareCollector.swift in Sources */,
			);
			runOnlyForDeploymentPostprocessing = 0;
		};
/* End PBXSourcesBuildPhase section */

/* Begin PBXVariantGroup section */
		DC9548BC29D3C91E005DF174 /* Main.storyboard */ = {
			isa = PBXVariantGroup;
			children = (
				DC9548BD29D3C91E005DF174 /* Base */,
			);
			name = Main.storyboard;
			sourceTree = "<group>";
		};
/* End PBXVariantGroup section */

/* Begin XCBuildConfiguration section */
		DC9548C029D3C91E005DF174 /* Debug */ = {
			isa = XCBuildConfiguration;
			buildSettings = {
				ALWAYS_SEARCH_USER_PATHS = NO;
				ASSETCATALOG_COMPILER_INCLUDE_ALL_APPICON_ASSETS = YES;
				ASSETCATALOG_COMPILER_SKIP_APP_STORE_DEPLOYMENT = YES;
				ASSETCATALOG_COMPILER_TARGET_STICKERS_ICON_ROLE = "host-app";
				CLANG_ANALYZER_NONNULL = YES;
				CLANG_ANALYZER_NUMBER_OBJECT_CONVERSION = YES_AGGRESSIVE;
				CLANG_CXX_LANGUAGE_STANDARD = "gnu++20";
				CLANG_ENABLE_MODULES = YES;
				CLANG_ENABLE_OBJC_ARC = YES;
				CLANG_ENABLE_OBJC_WEAK = YES;
				CLANG_WARN_BLOCK_CAPTURE_AUTORELEASING = YES;
				CLANG_WARN_BOOL_CONVERSION = YES;
				CLANG_WARN_COMMA = YES;
				CLANG_WARN_CONSTANT_CONVERSION = YES;
				CLANG_WARN_DEPRECATED_OBJC_IMPLEMENTATIONS = YES;
				CLANG_WARN_DIRECT_OBJC_ISA_USAGE = YES_ERROR;
				CLANG_WARN_DOCUMENTATION_COMMENTS = YES;
				CLANG_WARN_EMPTY_BODY = YES;
				CLANG_WARN_ENUM_CONVERSION = YES;
				CLANG_WARN_INFINITE_RECURSION = YES;
				CLANG_WARN_INT_CONVERSION = YES;
				CLANG_WARN_NON_LITERAL_NULL_CONVERSION = YES;
				CLANG_WARN_OBJC_IMPLICIT_RETAIN_SELF = YES;
				CLANG_WARN_OBJC_LITERAL_CONVERSION = YES;
				CLANG_WARN_OBJC_ROOT_CLASS = YES_ERROR;
				CLANG_WARN_QUOTED_INCLUDE_IN_FRAMEWORK_HEADER = YES;
				CLANG_WARN_RANGE_LOOP_ANALYSIS = YES;
				CLANG_WARN_STRICT_PROTOTYPES = YES;
				CLANG_WARN_SUSPICIOUS_MOVE = YES;
				CLANG_WARN_UNGUARDED_AVAILABILITY = YES_AGGRESSIVE;
				CLANG_WARN_UNREACHABLE_CODE = YES;
				CLANG_WARN__DUPLICATE_METHOD_MATCH = YES;
				COPY_PHASE_STRIP = NO;
				DEBUG_INFORMATION_FORMAT = dwarf;
				ENABLE_STRICT_OBJC_MSGSEND = YES;
				ENABLE_TESTABILITY = YES;
				GCC_C_LANGUAGE_STANDARD = gnu11;
				GCC_DYNAMIC_NO_PIC = NO;
				GCC_NO_COMMON_BLOCKS = YES;
				GCC_OPTIMIZATION_LEVEL = 0;
				GCC_PREPROCESSOR_DEFINITIONS = (
					"DEBUG=1",
					"$(inherited)",
				);
				GCC_WARN_64_TO_32_BIT_CONVERSION = YES;
				GCC_WARN_ABOUT_RETURN_TYPE = YES_ERROR;
				GCC_WARN_UNDECLARED_SELECTOR = YES;
				GCC_WARN_UNINITIALIZED_AUTOS = YES_AGGRESSIVE;
				GCC_WARN_UNUSED_FUNCTION = YES;
				GCC_WARN_UNUSED_VARIABLE = YES;
				MACOSX_DEPLOYMENT_TARGET = 10.13;
				MTL_ENABLE_DEBUG_INFO = INCLUDE_SOURCE;
				MTL_FAST_MATH = YES;
				ONLY_ACTIVE_ARCH = YES;
				SDKROOT = macosx;
				SWIFT_ACTIVE_COMPILATION_CONDITIONS = DEBUG;
				SWIFT_OPTIMIZATION_LEVEL = "-Onone";
			};
			name = Debug;
		};
		DC9548C129D3C91E005DF174 /* Release */ = {
			isa = XCBuildConfiguration;
			buildSettings = {
				ALWAYS_SEARCH_USER_PATHS = NO;
				ASSETCATALOG_COMPILER_INCLUDE_ALL_APPICON_ASSETS = YES;
				ASSETCATALOG_COMPILER_SKIP_APP_STORE_DEPLOYMENT = YES;
				ASSETCATALOG_COMPILER_TARGET_STICKERS_ICON_ROLE = "host-app";
				CLANG_ANALYZER_NONNULL = YES;
				CLANG_ANALYZER_NUMBER_OBJECT_CONVERSION = YES_AGGRESSIVE;
				CLANG_CXX_LANGUAGE_STANDARD = "gnu++20";
				CLANG_ENABLE_MODULES = YES;
				CLANG_ENABLE_OBJC_ARC = YES;
				CLANG_ENABLE_OBJC_WEAK = YES;
				CLANG_WARN_BLOCK_CAPTURE_AUTORELEASING = YES;
				CLANG_WARN_BOOL_CONVERSION = YES;
				CLANG_WARN_COMMA = YES;
				CLANG_WARN_CONSTANT_CONVERSION = YES;
				CLANG_WARN_DEPRECATED_OBJC_IMPLEMENTATIONS = YES;
				CLANG_WARN_DIRECT_OBJC_ISA_USAGE = YES_ERROR;
				CLANG_WARN_DOCUMENTATION_COMMENTS = YES;
				CLANG_WARN_EMPTY_BODY = YES;
				CLANG_WARN_ENUM_CONVERSION = YES;
				CLANG_WARN_INFINITE_RECURSION = YES;
				CLANG_WARN_INT_CONVERSION = YES;
				CLANG_WARN_NON_LITERAL_NULL_CONVERSION = YES;
				CLANG_WARN_OBJC_IMPLICIT_RETAIN_SELF = YES;
				CLANG_WARN_OBJC_LITERAL_CONVERSION = YES;
				CLANG_WARN_OBJC_ROOT_CLASS = YES_ERROR;
				CLANG_WARN_QUOTED_INCLUDE_IN_FRAMEWORK_HEADER = YES;
				CLANG_WARN_RANGE_LOOP_ANALYSIS = YES;
				CLANG_WARN_STRICT_PROTOTYPES = YES;
				CLANG_WARN_SUSPICIOUS_MOVE = YES;
				CLANG_WARN_UNGUARDED_AVAILABILITY = YES_AGGRESSIVE;
				CLANG_WARN_UNREACHABLE_CODE = YES;
				CLANG_WARN__DUPLICATE_METHOD_MATCH = YES;
				COPY_PHASE_STRIP = NO;
				DEBUG_INFORMATION_FORMAT = "dwarf-with-dsym";
				ENABLE_NS_ASSERTIONS = NO;
				ENABLE_STRICT_OBJC_MSGSEND = YES;
				GCC_C_LANGUAGE_STANDARD = gnu11;
				GCC_NO_COMMON_BLOCKS = YES;
				GCC_WARN_64_TO_32_BIT_CONVERSION = YES;
				GCC_WARN_ABOUT_RETURN_TYPE = YES_ERROR;
				GCC_WARN_UNDECLARED_SELECTOR = YES;
				GCC_WARN_UNINITIALIZED_AUTOS = YES_AGGRESSIVE;
				GCC_WARN_UNUSED_FUNCTION = YES;
				GCC_WARN_UNUSED_VARIABLE = YES;
				MACOSX_DEPLOYMENT_TARGET = 10.13;
				MTL_ENABLE_DEBUG_INFO = NO;
				MTL_FAST_MATH = YES;
				SDKROOT = macosx;
				SWIFT_COMPILATION_MODE = wholemodule;
				SWIFT_OPTIMIZATION_LEVEL = "-O";
			};
			name = Release;
		};
		DC9548C329D3C91E005DF174 /* Debug */ = {
			isa = XCBuildConfiguration;
			buildSettings = {
				ASSETCATALOG_COMPILER_APPICON_NAME = AppIcon;
				ASSETCATALOG_COMPILER_GLOBAL_ACCENT_COLOR_NAME = AccentColor;
				ASSETCATALOG_COMPILER_INCLUDE_ALL_APPICON_ASSETS = NO;
				CODE_SIGN_ENTITLEMENTS = "About This Hack 2/About_This_Hack_2.entitlements";
				"CODE_SIGN_IDENTITY[sdk=macosx*]" = "Apple Development";
				CODE_SIGN_STYLE = Automatic;
				COMBINE_HIDPI_IMAGES = YES;
				CURRENT_PROJECT_VERSION = 4;
				DEVELOPMENT_TEAM = 7XQ65R8AB5;
				ENABLE_HARDENED_RUNTIME = YES;
				GENERATE_INFOPLIST_FILE = YES;
				INFOPLIST_KEY_CFBundleDisplayName = "About This Hack 2";
				INFOPLIST_KEY_LSApplicationCategoryType = "public.app-category.utilities";
				INFOPLIST_KEY_NSHumanReadableCopyright = "";
				INFOPLIST_KEY_NSMainStoryboardFile = Main;
				INFOPLIST_KEY_NSPrincipalClass = NSApplication;
				INFOPLIST_KEY_UILaunchStoryboardName = "";
				LD_RUNPATH_SEARCH_PATHS = (
					"$(inherited)",
					"@executable_path/../Frameworks",
				);
				MACOSX_DEPLOYMENT_TARGET = 10.10;
				MARKETING_VERSION = 1.1.2;
				PRODUCT_BUNDLE_IDENTIFIER = "com.johnworks.About-This-Hack-2-1";
				PRODUCT_NAME = "$(TARGET_NAME)";
				SWIFT_EMIT_LOC_STRINGS = YES;
				SWIFT_VERSION = 5.0;
			};
			name = Debug;
		};
		DC9548C429D3C91E005DF174 /* Release */ = {
			isa = XCBuildConfiguration;
			buildSettings = {
				ASSETCATALOG_COMPILER_APPICON_NAME = AppIcon;
				ASSETCATALOG_COMPILER_GLOBAL_ACCENT_COLOR_NAME = AccentColor;
				ASSETCATALOG_COMPILER_INCLUDE_ALL_APPICON_ASSETS = NO;
				CODE_SIGN_ENTITLEMENTS = "About This Hack 2/About_This_Hack_2.entitlements";
				"CODE_SIGN_IDENTITY[sdk=macosx*]" = "Apple Development";
				CODE_SIGN_STYLE = Automatic;
				COMBINE_HIDPI_IMAGES = YES;
				CURRENT_PROJECT_VERSION = 4;
				DEVELOPMENT_TEAM = 7XQ65R8AB5;
				ENABLE_HARDENED_RUNTIME = YES;
				GENERATE_INFOPLIST_FILE = YES;
				INFOPLIST_KEY_CFBundleDisplayName = "About This Hack 2";
				INFOPLIST_KEY_LSApplicationCategoryType = "public.app-category.utilities";
				INFOPLIST_KEY_NSHumanReadableCopyright = "";
				INFOPLIST_KEY_NSMainStoryboardFile = Main;
				INFOPLIST_KEY_NSPrincipalClass = NSApplication;
				INFOPLIST_KEY_UILaunchStoryboardName = "";
				LD_RUNPATH_SEARCH_PATHS = (
					"$(inherited)",
					"@executable_path/../Frameworks",
				);
				MACOSX_DEPLOYMENT_TARGET = 10.10;
				MARKETING_VERSION = 1.1.2;
				PRODUCT_BUNDLE_IDENTIFIER = "com.johnworks.About-This-Hack-2-1";
				PRODUCT_NAME = "$(TARGET_NAME)";
				SWIFT_EMIT_LOC_STRINGS = YES;
				SWIFT_VERSION = 5.0;
			};
			name = Release;
		};
/* End XCBuildConfiguration section */

/* Begin XCConfigurationList section */
		DC9548AE29D3C91C005DF174 /* Build configuration list for PBXProject "About This Hack 2" */ = {
			isa = XCConfigurationList;
			buildConfigurations = (
				DC9548C029D3C91E005DF174 /* Debug */,
				DC9548C129D3C91E005DF174 /* Release */,
			);
			defaultConfigurationIsVisible = 0;
			defaultConfigurationName = Release;
		};
		DC9548C229D3C91E005DF174 /* Build configuration list for PBXNativeTarget "About This Hack 2" */ = {
			isa = XCConfigurationList;
			buildConfigurations = (
				DC9548C329D3C91E005DF174 /* Debug */,
				DC9548C429D3C91E005DF174 /* Release */,
			);
			defaultConfigurationIsVisible = 0;
			defaultConfigurationName = Release;
		};
/* End XCConfigurationList section */
	};
	rootObject = DC9548AB29D3C91C005DF174 /* Project object */;
}
